PODS:
  - NetworkSwift/Core (0.0.8)
  - NetworkSwift/CoreMocks (0.0.8):
    - NetworkSwift/Core
  - NetworkSwift/Queue (0.0.8):
    - NetworkSwift/Core
  - NetworkSwift/QueueMocks (0.0.8):
    - NetworkSwift/Core
    - NetworkSwift/Queue

DEPENDENCIES:
  - NetworkSwift/Core (from `../`)
  - NetworkSwift/CoreMocks (from `../`)
  - NetworkSwift/Queue (from `../`)
  - NetworkSwift/QueueMocks (from `../`)

EXTERNAL SOURCES:
  NetworkSwift:
    :path: "../"

SPEC CHECKSUMS:
  NetworkSwift: 9e7aadbee3ac78b2b4e6c803e4457c98d0e28db7

PODFILE CHECKSUM: 9967ee75eb2dfc83c34293716548f0df0ad83818

COCOAPODS: 1.14.3
