PODS:
  - NetworkCompose/Core (0.0.1)
  - NetworkCompose/CoreMocks (0.0.1):
    - NetworkCompose/Core
  - NetworkCompose/Queue (0.0.1):
    - NetworkCompose/Core
  - NetworkCompose/QueueMocks (0.0.1):
    - NetworkCompose/Core
    - NetworkCompose/Queue

DEPENDENCIES:
  - NetworkCompose/Core (from `../`)
  - NetworkCompose/CoreMocks (from `../`)
  - NetworkCompose/Queue (from `../`)
  - NetworkCompose/QueueMocks (from `../`)

EXTERNAL SOURCES:
  NetworkCompose:
    :path: "../"

SPEC CHECKSUMS:
  NetworkCompose: b6adc547d007e2d6894b916cc0d398c8e67f0a0f

PODFILE CHECKSUM: b61ea0f6dca625f3da6b87c77dfc57a2e71704f6

COCOAPODS: 1.12.1
