// !$*UTF8*$!
{
	archiveVersion = 1;
	classes = {
	};
	objectVersion = 56;
	objects = {

/* Begin PBXBuildFile section */
		DD88E6512AFF8AF00022E23A /* AppDelegate.swift in Sources */ = {isa = PBXBuildFile; fileRef = DD88E6502AFF8AF00022E23A /* AppDelegate.swift */; };
		DD88E6532AFF8AF00022E23A /* SceneDelegate.swift in Sources */ = {isa = PBXBuildFile; fileRef = DD88E6522AFF8AF00022E23A /* SceneDelegate.swift */; };
		DD88E6552AFF8AF00022E23A /* ViewController.swift in Sources */ = {isa = PBXBuildFile; fileRef = DD88E6542AFF8AF00022E23A /* ViewController.swift */; };
		DD88E6582AFF8AF00022E23A /* Main.storyboard in Resources */ = {isa = PBXBuildFile; fileRef = DD88E6562AFF8AF00022E23A /* Main.storyboard */; };
		DD88E65A2AFF8AF10022E23A /* Assets.xcassets in Resources */ = {isa = PBXBuildFile; fileRef = DD88E6592AFF8AF10022E23A /* Assets.xcassets */; };
		DD88E65D2AFF8AF10022E23A /* LaunchScreen.storyboard in Resources */ = {isa = PBXBuildFile; fileRef = DD88E65B2AFF8AF10022E23A /* LaunchScreen.storyboard */; };
		DD88E6682AFF8AF10022E23A /* NetworkKitTests.swift in Sources */ = {isa = PBXBuildFile; fileRef = DD88E6672AFF8AF10022E23A /* NetworkKitTests.swift */; };
		DD88E6722AFF8AF10022E23A /* NetworkKitUITests.swift in Sources */ = {isa = PBXBuildFile; fileRef = DD88E6712AFF8AF10022E23A /* NetworkKitUITests.swift */; };
		DD88E6742AFF8AF10022E23A /* NetworkKitUITestsLaunchTests.swift in Sources */ = {isa = PBXBuildFile; fileRef = DD88E6732AFF8AF10022E23A /* NetworkKitUITestsLaunchTests.swift */; };
/* End PBXBuildFile section */

/* Begin PBXContainerItemProxy section */
		DD88E6642AFF8AF10022E23A /* PBXContainerItemProxy */ = {
			isa = PBXContainerItemProxy;
			containerPortal = DD88E6452AFF8AF00022E23A /* Project object */;
			proxyType = 1;
			remoteGlobalIDString = DD88E64C2AFF8AF00022E23A;
			remoteInfo = NetworkKit;
		};
		DD88E66E2AFF8AF10022E23A /* PBXContainerItemProxy */ = {
			isa = PBXContainerItemProxy;
			containerPortal = DD88E6452AFF8AF00022E23A /* Project object */;
			proxyType = 1;
			remoteGlobalIDString = DD88E64C2AFF8AF00022E23A;
			remoteInfo = NetworkKit;
		};
/* End PBXContainerItemProxy section */

/* Begin PBXFileReference section */
		DD88E64D2AFF8AF00022E23A /* NetworkKit.app */ = {isa = PBXFileReference; explicitFileType = wrapper.application; includeInIndex = 0; path = NetworkKit.app; sourceTree = BUILT_PRODUCTS_DIR; };
		DD88E6502AFF8AF00022E23A /* AppDelegate.swift */ = {isa = PBXFileReference; lastKnownFileType = sourcecode.swift; path = AppDelegate.swift; sourceTree = "<group>"; };
		DD88E6522AFF8AF00022E23A /* SceneDelegate.swift */ = {isa = PBXFileReference; lastKnownFileType = sourcecode.swift; path = SceneDelegate.swift; sourceTree = "<group>"; };
		DD88E6542AFF8AF00022E23A /* ViewController.swift */ = {isa = PBXFileReference; lastKnownFileType = sourcecode.swift; path = ViewController.swift; sourceTree = "<group>"; };
		DD88E6572AFF8AF00022E23A /* Base */ = {isa = PBXFileReference; lastKnownFileType = file.storyboard; name = Base; path = Base.lproj/Main.storyboard; sourceTree = "<group>"; };
		DD88E6592AFF8AF10022E23A /* Assets.xcassets */ = {isa = PBXFileReference; lastKnownFileType = folder.assetcatalog; path = Assets.xcassets; sourceTree = "<group>"; };
		DD88E65C2AFF8AF10022E23A /* Base */ = {isa = PBXFileReference; lastKnownFileType = file.storyboard; name = Base; path = Base.lproj/LaunchScreen.storyboard; sourceTree = "<group>"; };
		DD88E65E2AFF8AF10022E23A /* Info.plist */ = {isa = PBXFileReference; lastKnownFileType = text.plist.xml; path = Info.plist; sourceTree = "<group>"; };
		DD88E6632AFF8AF10022E23A /* NetworkKitTests.xctest */ = {isa = PBXFileReference; explicitFileType = wrapper.cfbundle; includeInIndex = 0; path = NetworkKitTests.xctest; sourceTree = BUILT_PRODUCTS_DIR; };
		DD88E6672AFF8AF10022E23A /* NetworkKitTests.swift */ = {isa = PBXFileReference; lastKnownFileType = sourcecode.swift; path = NetworkKitTests.swift; sourceTree = "<group>"; };
		DD88E66D2AFF8AF10022E23A /* NetworkKitUITests.xctest */ = {isa = PBXFileReference; explicitFileType = wrapper.cfbundle; includeInIndex = 0; path = NetworkKitUITests.xctest; sourceTree = BUILT_PRODUCTS_DIR; };
		DD88E6712AFF8AF10022E23A /* NetworkKitUITests.swift */ = {isa = PBXFileReference; lastKnownFileType = sourcecode.swift; path = NetworkKitUITests.swift; sourceTree = "<group>"; };
		DD88E6732AFF8AF10022E23A /* NetworkKitUITestsLaunchTests.swift */ = {isa = PBXFileReference; lastKnownFileType = sourcecode.swift; path = NetworkKitUITestsLaunchTests.swift; sourceTree = "<group>"; };
/* End PBXFileReference section */

/* Begin PBXFrameworksBuildPhase section */
		DD88E64A2AFF8AF00022E23A /* Frameworks */ = {
			isa = PBXFrameworksBuildPhase;
			buildActionMask = 2147483647;
			files = (
			);
			runOnlyForDeploymentPostprocessing = 0;
		};
		DD88E6602AFF8AF10022E23A /* Frameworks */ = {
			isa = PBXFrameworksBuildPhase;
			buildActionMask = 2147483647;
			files = (
			);
			runOnlyForDeploymentPostprocessing = 0;
		};
		DD88E66A2AFF8AF10022E23A /* Frameworks */ = {
			isa = PBXFrameworksBuildPhase;
			buildActionMask = 2147483647;
			files = (
			);
			runOnlyForDeploymentPostprocessing = 0;
		};
/* End PBXFrameworksBuildPhase section */

/* Begin PBXGroup section */
		DD88E6442AFF8AF00022E23A = {
			isa = PBXGroup;
			children = (
				DD88E64F2AFF8AF00022E23A /* NetworkKit */,
				DD88E6662AFF8AF10022E23A /* NetworkKitTests */,
				DD88E6702AFF8AF10022E23A /* NetworkKitUITests */,
				DD88E64E2AFF8AF00022E23A /* Products */,
			);
			sourceTree = "<group>";
		};
		DD88E64E2AFF8AF00022E23A /* Products */ = {
			isa = PBXGroup;
			children = (
				DD88E64D2AFF8AF00022E23A /* NetworkKit.app */,
				DD88E6632AFF8AF10022E23A /* NetworkKitTests.xctest */,
				DD88E66D2AFF8AF10022E23A /* NetworkKitUITests.xctest */,
			);
			name = Products;
			sourceTree = "<group>";
		};
		DD88E64F2AFF8AF00022E23A /* NetworkKit */ = {
			isa = PBXGroup;
			children = (
				DD88E6502AFF8AF00022E23A /* AppDelegate.swift */,
				DD88E6522AFF8AF00022E23A /* SceneDelegate.swift */,
				DD88E6542AFF8AF00022E23A /* ViewController.swift */,
				DD88E6562AFF8AF00022E23A /* Main.storyboard */,
				DD88E6592AFF8AF10022E23A /* Assets.xcassets */,
				DD88E65B2AFF8AF10022E23A /* LaunchScreen.storyboard */,
				DD88E65E2AFF8AF10022E23A /* Info.plist */,
			);
			path = NetworkKit;
			sourceTree = "<group>";
		};
		DD88E6662AFF8AF10022E23A /* NetworkKitTests */ = {
			isa = PBXGroup;
			children = (
				DD88E6672AFF8AF10022E23A /* NetworkKitTests.swift */,
			);
			path = NetworkKitTests;
			sourceTree = "<group>";
		};
		DD88E6702AFF8AF10022E23A /* NetworkKitUITests */ = {
			isa = PBXGroup;
			children = (
				DD88E6712AFF8AF10022E23A /* NetworkKitUITests.swift */,
				DD88E6732AFF8AF10022E23A /* NetworkKitUITestsLaunchTests.swift */,
			);
			path = NetworkKitUITests;
			sourceTree = "<group>";
		};
/* End PBXGroup section */

/* Begin PBXNativeTarget section */
		DD88E64C2AFF8AF00022E23A /* NetworkKit */ = {
			isa = PBXNativeTarget;
			buildConfigurationList = DD88E6772AFF8AF10022E23A /* Build configuration list for PBXNativeTarget "NetworkKit" */;
			buildPhases = (
				DD88E6492AFF8AF00022E23A /* Sources */,
				DD88E64A2AFF8AF00022E23A /* Frameworks */,
				DD88E64B2AFF8AF00022E23A /* Resources */,
			);
			buildRules = (
			);
			dependencies = (
			);
			name = NetworkKit;
			productName = NetworkKit;
			productReference = DD88E64D2AFF8AF00022E23A /* NetworkKit.app */;
			productType = "com.apple.product-type.application";
		};
		DD88E6622AFF8AF10022E23A /* NetworkKitTests */ = {
			isa = PBXNativeTarget;
			buildConfigurationList = DD88E67A2AFF8AF10022E23A /* Build configuration list for PBXNativeTarget "NetworkKitTests" */;
			buildPhases = (
				DD88E65F2AFF8AF10022E23A /* Sources */,
				DD88E6602AFF8AF10022E23A /* Frameworks */,
				DD88E6612AFF8AF10022E23A /* Resources */,
			);
			buildRules = (
			);
			dependencies = (
				DD88E6652AFF8AF10022E23A /* PBXTargetDependency */,
			);
			name = NetworkKitTests;
			productName = NetworkKitTests;
			productReference = DD88E6632AFF8AF10022E23A /* NetworkKitTests.xctest */;
			productType = "com.apple.product-type.bundle.unit-test";
		};
		DD88E66C2AFF8AF10022E23A /* NetworkKitUITests */ = {
			isa = PBXNativeTarget;
			buildConfigurationList = DD88E67D2AFF8AF10022E23A /* Build configuration list for PBXNativeTarget "NetworkKitUITests" */;
			buildPhases = (
				DD88E6692AFF8AF10022E23A /* Sources */,
				DD88E66A2AFF8AF10022E23A /* Frameworks */,
				DD88E66B2AFF8AF10022E23A /* Resources */,
			);
			buildRules = (
			);
			dependencies = (
				DD88E66F2AFF8AF10022E23A /* PBXTargetDependency */,
			);
			name = NetworkKitUITests;
			productName = NetworkKitUITests;
			productReference = DD88E66D2AFF8AF10022E23A /* NetworkKitUITests.xctest */;
			productType = "com.apple.product-type.bundle.ui-testing";
		};
/* End PBXNativeTarget section */

/* Begin PBXProject section */
		DD88E6452AFF8AF00022E23A /* Project object */ = {
			isa = PBXProject;
			attributes = {
				BuildIndependentTargetsInParallel = 1;
				LastSwiftUpdateCheck = 1430;
				LastUpgradeCheck = 1430;
				TargetAttributes = {
					DD88E64C2AFF8AF00022E23A = {
						CreatedOnToolsVersion = 14.3.1;
					};
					DD88E6622AFF8AF10022E23A = {
						CreatedOnToolsVersion = 14.3.1;
						TestTargetID = DD88E64C2AFF8AF00022E23A;
					};
					DD88E66C2AFF8AF10022E23A = {
						CreatedOnToolsVersion = 14.3.1;
						TestTargetID = DD88E64C2AFF8AF00022E23A;
					};
				};
			};
			buildConfigurationList = DD88E6482AFF8AF00022E23A /* Build configuration list for PBXProject "NetworkKit" */;
			compatibilityVersion = "Xcode 14.0";
			developmentRegion = en;
			hasScannedForEncodings = 0;
			knownRegions = (
				en,
				Base,
			);
			mainGroup = DD88E6442AFF8AF00022E23A;
			productRefGroup = DD88E64E2AFF8AF00022E23A /* Products */;
			projectDirPath = "";
			projectRoot = "";
			targets = (
				DD88E64C2AFF8AF00022E23A /* NetworkKit */,
				DD88E6622AFF8AF10022E23A /* NetworkKitTests */,
				DD88E66C2AFF8AF10022E23A /* NetworkKitUITests */,
			);
		};
/* End PBXProject section */

/* Begin PBXResourcesBuildPhase section */
		DD88E64B2AFF8AF00022E23A /* Resources */ = {
			isa = PBXResourcesBuildPhase;
			buildActionMask = 2147483647;
			files = (
				DD88E65D2AFF8AF10022E23A /* LaunchScreen.storyboard in Resources */,
				DD88E65A2AFF8AF10022E23A /* Assets.xcassets in Resources */,
				DD88E6582AFF8AF00022E23A /* Main.storyboard in Resources */,
			);
			runOnlyForDeploymentPostprocessing = 0;
		};
		DD88E6612AFF8AF10022E23A /* Resources */ = {
			isa = PBXResourcesBuildPhase;
			buildActionMask = 2147483647;
			files = (
			);
			runOnlyForDeploymentPostprocessing = 0;
		};
		DD88E66B2AFF8AF10022E23A /* Resources */ = {
			isa = PBXResourcesBuildPhase;
			buildActionMask = 2147483647;
			files = (
			);
			runOnlyForDeploymentPostprocessing = 0;
		};
/* End PBXResourcesBuildPhase section */

/* Begin PBXSourcesBuildPhase section */
		DD88E6492AFF8AF00022E23A /* Sources */ = {
			isa = PBXSourcesBuildPhase;
			buildActionMask = 2147483647;
			files = (
				DD88E6552AFF8AF00022E23A /* ViewController.swift in Sources */,
				DD88E6512AFF8AF00022E23A /* AppDelegate.swift in Sources */,
				DD88E6532AFF8AF00022E23A /* SceneDelegate.swift in Sources */,
			);
			runOnlyForDeploymentPostprocessing = 0;
		};
		DD88E65F2AFF8AF10022E23A /* Sources */ = {
			isa = PBXSourcesBuildPhase;
			buildActionMask = 2147483647;
			files = (
				DD88E6682AFF8AF10022E23A /* NetworkKitTests.swift in Sources */,
			);
			runOnlyForDeploymentPostprocessing = 0;
		};
		DD88E6692AFF8AF10022E23A /* Sources */ = {
			isa = PBXSourcesBuildPhase;
			buildActionMask = 2147483647;
			files = (
				DD88E6742AFF8AF10022E23A /* NetworkKitUITestsLaunchTests.swift in Sources */,
				DD88E6722AFF8AF10022E23A /* NetworkKitUITests.swift in Sources */,
			);
			runOnlyForDeploymentPostprocessing = 0;
		};
/* End PBXSourcesBuildPhase section */

/* Begin PBXTargetDependency section */
		DD88E6652AFF8AF10022E23A /* PBXTargetDependency */ = {
			isa = PBXTargetDependency;
			target = DD88E64C2AFF8AF00022E23A /* NetworkKit */;
			targetProxy = DD88E6642AFF8AF10022E23A /* PBXContainerItemProxy */;
		};
		DD88E66F2AFF8AF10022E23A /* PBXTargetDependency */ = {
			isa = PBXTargetDependency;
			target = DD88E64C2AFF8AF00022E23A /* NetworkKit */;
			targetProxy = DD88E66E2AFF8AF10022E23A /* PBXContainerItemProxy */;
		};
/* End PBXTargetDependency section */

/* Begin PBXVariantGroup section */
		DD88E6562AFF8AF00022E23A /* Main.storyboard */ = {
			isa = PBXVariantGroup;
			children = (
				DD88E6572AFF8AF00022E23A /* Base */,
			);
			name = Main.storyboard;
			sourceTree = "<group>";
		};
		DD88E65B2AFF8AF10022E23A /* LaunchScreen.storyboard */ = {
			isa = PBXVariantGroup;
			children = (
				DD88E65C2AFF8AF10022E23A /* Base */,
			);
			name = LaunchScreen.storyboard;
			sourceTree = "<group>";
		};
/* End PBXVariantGroup section */

/* Begin XCBuildConfiguration section */
		DD88E6752AFF8AF10022E23A /* Debug */ = {
			isa = XCBuildConfiguration;
			buildSettings = {
				ALWAYS_SEARCH_USER_PATHS = NO;
				CLANG_ANALYZER_NONNULL = YES;
				CLANG_ANALYZER_NUMBER_OBJECT_CONVERSION = YES_AGGRESSIVE;
				CLANG_CXX_LANGUAGE_STANDARD = "gnu++20";
				CLANG_ENABLE_MODULES = YES;
				CLANG_ENABLE_OBJC_ARC = YES;
				CLANG_ENABLE_OBJC_WEAK = YES;
				CLANG_WARN_BLOCK_CAPTURE_AUTORELEASING = YES;
				CLANG_WARN_BOOL_CONVERSION = YES;
				CLANG_WARN_COMMA = YES;
				CLANG_WARN_CONSTANT_CONVERSION = YES;
				CLANG_WARN_DEPRECATED_OBJC_IMPLEMENTATIONS = YES;
				CLANG_WARN_DIRECT_OBJC_ISA_USAGE = YES_ERROR;
				CLANG_WARN_DOCUMENTATION_COMMENTS = YES;
				CLANG_WARN_EMPTY_BODY = YES;
				CLANG_WARN_ENUM_CONVERSION = YES;
				CLANG_WARN_INFINITE_RECURSION = YES;
				CLANG_WARN_INT_CONVERSION = YES;
				CLANG_WARN_NON_LITERAL_NULL_CONVERSION = YES;
				CLANG_WARN_OBJC_IMPLICIT_RETAIN_SELF = YES;
				CLANG_WARN_OBJC_LITERAL_CONVERSION = YES;
				CLANG_WARN_OBJC_ROOT_CLASS = YES_ERROR;
				CLANG_WARN_QUOTED_INCLUDE_IN_FRAMEWORK_HEADER = YES;
				CLANG_WARN_RANGE_LOOP_ANALYSIS = YES;
				CLANG_WARN_STRICT_PROTOTYPES = YES;
				CLANG_WARN_SUSPICIOUS_MOVE = YES;
				CLANG_WARN_UNGUARDED_AVAILABILITY = YES_AGGRESSIVE;
				CLANG_WARN_UNREACHABLE_CODE = YES;
				CLANG_WARN__DUPLICATE_METHOD_MATCH = YES;
				COPY_PHASE_STRIP = NO;
				DEBUG_INFORMATION_FORMAT = dwarf;
				ENABLE_STRICT_OBJC_MSGSEND = YES;
				ENABLE_TESTABILITY = YES;
				GCC_C_LANGUAGE_STANDARD = gnu11;
				GCC_DYNAMIC_NO_PIC = NO;
				GCC_NO_COMMON_BLOCKS = YES;
				GCC_OPTIMIZATION_LEVEL = 0;
				GCC_PREPROCESSOR_DEFINITIONS = (
					"DEBUG=1",
					"$(inherited)",
				);
				GCC_WARN_64_TO_32_BIT_CONVERSION = YES;
				GCC_WARN_ABOUT_RETURN_TYPE = YES_ERROR;
				GCC_WARN_UNDECLARED_SELECTOR = YES;
				GCC_WARN_UNINITIALIZED_AUTOS = YES_AGGRESSIVE;
				GCC_WARN_UNUSED_FUNCTION = YES;
				GCC_WARN_UNUSED_VARIABLE = YES;
				IPHONEOS_DEPLOYMENT_TARGET = 16.4;
				MTL_ENABLE_DEBUG_INFO = INCLUDE_SOURCE;
				MTL_FAST_MATH = YES;
				ONLY_ACTIVE_ARCH = YES;
				SDKROOT = iphoneos;
				SWIFT_ACTIVE_COMPILATION_CONDITIONS = DEBUG;
				SWIFT_OPTIMIZATION_LEVEL = "-Onone";
			};
			name = Debug;
		};
		DD88E6762AFF8AF10022E23A /* Release */ = {
			isa = XCBuildConfiguration;
			buildSettings = {
				ALWAYS_SEARCH_USER_PATHS = NO;
				CLANG_ANALYZER_NONNULL = YES;
				CLANG_ANALYZER_NUMBER_OBJECT_CONVERSION = YES_AGGRESSIVE;
				CLANG_CXX_LANGUAGE_STANDARD = "gnu++20";
				CLANG_ENABLE_MODULES = YES;
				CLANG_ENABLE_OBJC_ARC = YES;
				CLANG_ENABLE_OBJC_WEAK = YES;
				CLANG_WARN_BLOCK_CAPTURE_AUTORELEASING = YES;
				CLANG_WARN_BOOL_CONVERSION = YES;
				CLANG_WARN_COMMA = YES;
				CLANG_WARN_CONSTANT_CONVERSION = YES;
				CLANG_WARN_DEPRECATED_OBJC_IMPLEMENTATIONS = YES;
				CLANG_WARN_DIRECT_OBJC_ISA_USAGE = YES_ERROR;
				CLANG_WARN_DOCUMENTATION_COMMENTS = YES;
				CLANG_WARN_EMPTY_BODY = YES;
				CLANG_WARN_ENUM_CONVERSION = YES;
				CLANG_WARN_INFINITE_RECURSION = YES;
				CLANG_WARN_INT_CONVERSION = YES;
				CLANG_WARN_NON_LITERAL_NULL_CONVERSION = YES;
				CLANG_WARN_OBJC_IMPLICIT_RETAIN_SELF = YES;
				CLANG_WARN_OBJC_LITERAL_CONVERSION = YES;
				CLANG_WARN_OBJC_ROOT_CLASS = YES_ERROR;
				CLANG_WARN_QUOTED_INCLUDE_IN_FRAMEWORK_HEADER = YES;
				CLANG_WARN_RANGE_LOOP_ANALYSIS = YES;
				CLANG_WARN_STRICT_PROTOTYPES = YES;
				CLANG_WARN_SUSPICIOUS_MOVE = YES;
				CLANG_WARN_UNGUARDED_AVAILABILITY = YES_AGGRESSIVE;
				CLANG_WARN_UNREACHABLE_CODE = YES;
				CLANG_WARN__DUPLICATE_METHOD_MATCH = YES;
				COPY_PHASE_STRIP = NO;
				DEBUG_INFORMATION_FORMAT = "dwarf-with-dsym";
				ENABLE_NS_ASSERTIONS = NO;
				ENABLE_STRICT_OBJC_MSGSEND = YES;
				GCC_C_LANGUAGE_STANDARD = gnu11;
				GCC_NO_COMMON_BLOCKS = YES;
				GCC_WARN_64_TO_32_BIT_CONVERSION = YES;
				GCC_WARN_ABOUT_RETURN_TYPE = YES_ERROR;
				GCC_WARN_UNDECLARED_SELECTOR = YES;
				GCC_WARN_UNINITIALIZED_AUTOS = YES_AGGRESSIVE;
				GCC_WARN_UNUSED_FUNCTION = YES;
				GCC_WARN_UNUSED_VARIABLE = YES;
				IPHONEOS_DEPLOYMENT_TARGET = 16.4;
				MTL_ENABLE_DEBUG_INFO = NO;
				MTL_FAST_MATH = YES;
				SDKROOT = iphoneos;
				SWIFT_COMPILATION_MODE = wholemodule;
				SWIFT_OPTIMIZATION_LEVEL = "-O";
				VALIDATE_PRODUCT = YES;
			};
			name = Release;
		};
		DD88E6782AFF8AF10022E23A /* Debug */ = {
			isa = XCBuildConfiguration;
			buildSettings = {
				ASSETCATALOG_COMPILER_APPICON_NAME = AppIcon;
				ASSETCATALOG_COMPILER_GLOBAL_ACCENT_COLOR_NAME = AccentColor;
				CODE_SIGN_STYLE = Automatic;
				CURRENT_PROJECT_VERSION = 1;
				DEVELOPMENT_TEAM = 6QDW32DV2Z;
				GENERATE_INFOPLIST_FILE = YES;
				INFOPLIST_FILE = NetworkKit/Info.plist;
				INFOPLIST_KEY_UIApplicationSupportsIndirectInputEvents = YES;
				INFOPLIST_KEY_UILaunchStoryboardName = LaunchScreen;
				INFOPLIST_KEY_UIMainStoryboardFile = Main;
				INFOPLIST_KEY_UISupportedInterfaceOrientations_iPad = "UIInterfaceOrientationPortrait UIInterfaceOrientationPortraitUpsideDown UIInterfaceOrientationLandscapeLeft UIInterfaceOrientationLandscapeRight";
				INFOPLIST_KEY_UISupportedInterfaceOrientations_iPhone = "UIInterfaceOrientationPortrait UIInterfaceOrientationLandscapeLeft UIInterfaceOrientationLandscapeRight";
				LD_RUNPATH_SEARCH_PATHS = (
					"$(inherited)",
					"@executable_path/Frameworks",
				);
				MARKETING_VERSION = 1.0;
				PRODUCT_BUNDLE_IDENTIFIER = com.harryngict.NetworkKit;
				PRODUCT_NAME = "$(TARGET_NAME)";
				SWIFT_EMIT_LOC_STRINGS = YES;
				SWIFT_VERSION = 5.0;
				TARGETED_DEVICE_FAMILY = "1,2";
			};
			name = Debug;
		};
		DD88E6792AFF8AF10022E23A /* Release */ = {
			isa = XCBuildConfiguration;
			buildSettings = {
				ASSETCATALOG_COMPILER_APPICON_NAME = AppIcon;
				ASSETCATALOG_COMPILER_GLOBAL_ACCENT_COLOR_NAME = AccentColor;
				CODE_SIGN_STYLE = Automatic;
				CURRENT_PROJECT_VERSION = 1;
				DEVELOPMENT_TEAM = 6QDW32DV2Z;
				GENERATE_INFOPLIST_FILE = YES;
				INFOPLIST_FILE = NetworkKit/Info.plist;
				INFOPLIST_KEY_UIApplicationSupportsIndirectInputEvents = YES;
				INFOPLIST_KEY_UILaunchStoryboardName = LaunchScreen;
				INFOPLIST_KEY_UIMainStoryboardFile = Main;
				INFOPLIST_KEY_UISupportedInterfaceOrientations_iPad = "UIInterfaceOrientationPortrait UIInterfaceOrientationPortraitUpsideDown UIInterfaceOrientationLandscapeLeft UIInterfaceOrientationLandscapeRight";
				INFOPLIST_KEY_UISupportedInterfaceOrientations_iPhone = "UIInterfaceOrientationPortrait UIInterfaceOrientationLandscapeLeft UIInterfaceOrientationLandscapeRight";
				LD_RUNPATH_SEARCH_PATHS = (
					"$(inherited)",
					"@executable_path/Frameworks",
				);
				MARKETING_VERSION = 1.0;
				PRODUCT_BUNDLE_IDENTIFIER = com.harryngict.NetworkKit;
				PRODUCT_NAME = "$(TARGET_NAME)";
				SWIFT_EMIT_LOC_STRINGS = YES;
				SWIFT_VERSION = 5.0;
				TARGETED_DEVICE_FAMILY = "1,2";
			};
			name = Release;
		};
		DD88E67B2AFF8AF10022E23A /* Debug */ = {
			isa = XCBuildConfiguration;
			buildSettings = {
				ALWAYS_EMBED_SWIFT_STANDARD_LIBRARIES = YES;
				BUNDLE_LOADER = "$(TEST_HOST)";
				CODE_SIGN_STYLE = Automatic;
				CURRENT_PROJECT_VERSION = 1;
				DEVELOPMENT_TEAM = 6QDW32DV2Z;
				GENERATE_INFOPLIST_FILE = YES;
				IPHONEOS_DEPLOYMENT_TARGET = 16.4;
				MARKETING_VERSION = 1.0;
				PRODUCT_BUNDLE_IDENTIFIER = com.harryngict.NetworkKitTests;
				PRODUCT_NAME = "$(TARGET_NAME)";
				SWIFT_EMIT_LOC_STRINGS = NO;
				SWIFT_VERSION = 5.0;
				TARGETED_DEVICE_FAMILY = "1,2";
				TEST_HOST = "$(BUILT_PRODUCTS_DIR)/NetworkKit.app/$(BUNDLE_EXECUTABLE_FOLDER_PATH)/NetworkKit";
			};
			name = Debug;
		};
		DD88E67C2AFF8AF10022E23A /* Release */ = {
			isa = XCBuildConfiguration;
			buildSettings = {
				ALWAYS_EMBED_SWIFT_STANDARD_LIBRARIES = YES;
				BUNDLE_LOADER = "$(TEST_HOST)";
				CODE_SIGN_STYLE = Automatic;
				CURRENT_PROJECT_VERSION = 1;
				DEVELOPMENT_TEAM = 6QDW32DV2Z;
				GENERATE_INFOPLIST_FILE = YES;
				IPHONEOS_DEPLOYMENT_TARGET = 16.4;
				MARKETING_VERSION = 1.0;
				PRODUCT_BUNDLE_IDENTIFIER = com.harryngict.NetworkKitTests;
				PRODUCT_NAME = "$(TARGET_NAME)";
				SWIFT_EMIT_LOC_STRINGS = NO;
				SWIFT_VERSION = 5.0;
				TARGETED_DEVICE_FAMILY = "1,2";
				TEST_HOST = "$(BUILT_PRODUCTS_DIR)/NetworkKit.app/$(BUNDLE_EXECUTABLE_FOLDER_PATH)/NetworkKit";
			};
			name = Release;
		};
		DD88E67E2AFF8AF10022E23A /* Debug */ = {
			isa = XCBuildConfiguration;
			buildSettings = {
				ALWAYS_EMBED_SWIFT_STANDARD_LIBRARIES = YES;
				CODE_SIGN_STYLE = Automatic;
				CURRENT_PROJECT_VERSION = 1;
				DEVELOPMENT_TEAM = 6QDW32DV2Z;
				GENERATE_INFOPLIST_FILE = YES;
				MARKETING_VERSION = 1.0;
				PRODUCT_BUNDLE_IDENTIFIER = com.harryngict.NetworkKitUITests;
				PRODUCT_NAME = "$(TARGET_NAME)";
				SWIFT_EMIT_LOC_STRINGS = NO;
				SWIFT_VERSION = 5.0;
				TARGETED_DEVICE_FAMILY = "1,2";
				TEST_TARGET_NAME = NetworkKit;
			};
			name = Debug;
		};
		DD88E67F2AFF8AF10022E23A /* Release */ = {
			isa = XCBuildConfiguration;
			buildSettings = {
				ALWAYS_EMBED_SWIFT_STANDARD_LIBRARIES = YES;
				CODE_SIGN_STYLE = Automatic;
				CURRENT_PROJECT_VERSION = 1;
				DEVELOPMENT_TEAM = 6QDW32DV2Z;
				GENERATE_INFOPLIST_FILE = YES;
				MARKETING_VERSION = 1.0;
				PRODUCT_BUNDLE_IDENTIFIER = com.harryngict.NetworkKitUITests;
				PRODUCT_NAME = "$(TARGET_NAME)";
				SWIFT_EMIT_LOC_STRINGS = NO;
				SWIFT_VERSION = 5.0;
				TARGETED_DEVICE_FAMILY = "1,2";
				TEST_TARGET_NAME = NetworkKit;
			};
			name = Release;
		};
/* End XCBuildConfiguration section */

/* Begin XCConfigurationList section */
		DD88E6482AFF8AF00022E23A /* Build configuration list for PBXProject "NetworkKit" */ = {
			isa = XCConfigurationList;
			buildConfigurations = (
				DD88E6752AFF8AF10022E23A /* Debug */,
				DD88E6762AFF8AF10022E23A /* Release */,
			);
			defaultConfigurationIsVisible = 0;
			defaultConfigurationName = Release;
		};
		DD88E6772AFF8AF10022E23A /* Build configuration list for PBXNativeTarget "NetworkKit" */ = {
			isa = XCConfigurationList;
			buildConfigurations = (
				DD88E6782AFF8AF10022E23A /* Debug */,
				DD88E6792AFF8AF10022E23A /* Release */,
			);
			defaultConfigurationIsVisible = 0;
			defaultConfigurationName = Release;
		};
		DD88E67A2AFF8AF10022E23A /* Build configuration list for PBXNativeTarget "NetworkKitTests" */ = {
			isa = XCConfigurationList;
			buildConfigurations = (
				DD88E67B2AFF8AF10022E23A /* Debug */,
				DD88E67C2AFF8AF10022E23A /* Release */,
			);
			defaultConfigurationIsVisible = 0;
			defaultConfigurationName = Release;
		};
		DD88E67D2AFF8AF10022E23A /* Build configuration list for PBXNativeTarget "NetworkKitUITests" */ = {
			isa = XCConfigurationList;
			buildConfigurations = (
				DD88E67E2AFF8AF10022E23A /* Debug */,
				DD88E67F2AFF8AF10022E23A /* Release */,
			);
			defaultConfigurationIsVisible = 0;
			defaultConfigurationName = Release;
		};
/* End XCConfigurationList section */
	};
	rootObject = DD88E6452AFF8AF00022E23A /* Project object */;
}
